{
    "_meta": {
        "hash": {
            "sha256": "8b111bd930c5b56ddefd5a69fefa3a616f40d1189f6e70958a7717d31b316548"
        },
        "pipfile-spec": 6,
        "requires": {
            "python_version": "3.7"
        },
        "sources": [
            {
                "name": "pypi",
                "url": "https://pypi.org/simple",
                "verify_ssl": true
            }
        ]
    },
    "default": {
        "grpcio": {
            "hashes": [
                "sha256:1303578092f1f6e4bfbc354c04ac422856c393723d3ffa032fff0f7cb5cfd693",
                "sha256:229c6b313cd82bec8f979b059d87f03cc1a48939b543fe170b5a9c5cf6a6bc69",
                "sha256:3cd3d99a8b5568d0d186f9520c16121a0f2a4bcad8e2b9884b76fb88a85a7774",
                "sha256:41cfb222db358227521f9638a6fbc397f310042a4db5539a19dea01547c621cd",
                "sha256:43330501660f636fd6547d1e196e395cd1e2c2ae57d62219d6184a668ffebda0",
                "sha256:45d7a2bd8b4f25a013296683f4140d636cdbb507d94a382ea5029a21e76b1648",
                "sha256:47dc935658a13b25108823dabd010194ddea9610357c5c1ef1ad7b3f5157ebee",
                "sha256:480aa7e2b56238badce0b9413a96d5b4c90c3bfbd79eba5a0501e92328d9669e",
                "sha256:4a0934c8b0f97e1d8c18e76c45afc0d02d33ab03125258179f2ac6c7a13f3626",
                "sha256:5624dab19e950f99e560400c59d87b685809e4cfcb2c724103f1ab14c06071f7",
                "sha256:60515b1405bb3dadc55e6ca99429072dad3e736afcf5048db5452df5572231ff",
                "sha256:610f97ebae742a57d336a69b09a9c7d7de1f62aa54aaa8adc635b38f55ba4382",
                "sha256:64ea189b2b0859d1f7b411a09185028744d494ef09029630200cc892e366f169",
                "sha256:686090c6c1e09e4f49585b8508d0a31d58bc3895e4049ea55b197d1381e9f70f",
                "sha256:7745c365195bb0605e3d47b480a2a4d1baa8a41a5fd0a20de5fa48900e2c886a",
                "sha256:79491e0d2b77a1c438116bf9e5f9e2e04e78b78524615e2ce453eff62db59a09",
                "sha256:825177dd4c601c487836b7d6b4ba268db59787157911c623ba59a7c03c8d3adc",
                "sha256:8a060e1f72fb94eee8a035ed29f1201ce903ad14cbe27bda56b4a22a8abda045",
                "sha256:90168cc6353e2766e47b650c963f21cfff294654b10b3a14c67e26a4e3683634",
                "sha256:94b7742734bceeff6d8db5edb31ac844cb68fc7f13617eca859ff1b78bb20ba1",
                "sha256:962aebf2dd01bbb2cdb64580e61760f1afc470781f9ecd5fe8f3d8dcd8cf4556",
                "sha256:9c8d9eacdce840b72eee7924c752c31b675f8aec74790e08cff184a4ea8aa9c1",
                "sha256:af5b929debc336f6bab9b0da6915f9ee5e41444012aed6a79a3c7e80d7662fdf",
                "sha256:b9cdb87fc77e9a3eabdc42a512368538d648fa0760ad30cf97788076985c790a",
                "sha256:c5e6380b90b389454669dc67d0a39fb4dc166416e01308fcddd694236b8329ef",
                "sha256:d60c90fe2bfbee735397bf75a2f2c4e70c5deab51cd40c6e4fa98fae018c8db6",
                "sha256:d8582c8b1b1063249da1588854251d8a91df1e210a328aeb0ece39da2b2b763b",
                "sha256:ddbf86ba3aa0ad8fed2867910d2913ee237d55920b55f1d619049b3399f04efc",
                "sha256:e46bc0664c5c8a0545857aa7a096289f8db148e7f9cca2d0b760113e8994bddc",
                "sha256:f6437f70ec7fed0ca3a0eef1146591bb754b418bb6c6b21db74f0333d624e135",
                "sha256:f71693c3396530c6b00773b029ea85e59272557e9bd6077195a6593e4229892a",
                "sha256:f79f7455f8fbd43e8e9d61914ecf7f48ba1c8e271801996fef8d6a8f3cc9f39f"
            ],
            "index": "pypi",
            "version": "==1.23.0"
        },
        "grpcio-tools": {
            "hashes": [
                "sha256:056f2a274edda4315e825ac2e3a9536f5415b43aa51669196860c8de6e76d847",
                "sha256:0c953251585fdcd422072e4b7f4243fce215f22e21db94ec83c5970e41db6e18",
                "sha256:142a73f5769f37bf2e4a8e4a77ef60f7af5f55635f60428322b49c87bd8f9cc0",
                "sha256:1b333e2a068d8ef89a01eb23a098d2a789659c3178de79da9bd3d0ffb944cc6d",
                "sha256:2124f19cc51d63405a0204ae38ef355732ab0a235975ab41ff6f6f9701905432",
                "sha256:24c3a04adfb6c6f1bc4a2f8498d7661ca296ae352b498e538832c22ddde7bf81",
                "sha256:3a2054e9640cbdd0ce8a345afb86be52875c5a8f9f5973a5c64791a8002da2dd",
                "sha256:3fd15a09eecef83440ac849dcda2ff522f8ee1603ebfcdbb0e9b320ef2012e41",
                "sha256:457e7a7dfa0b6bb608a766edba6f20c9d626a790df802016b930ad242fec4470",
                "sha256:49ad5661d54ff0d164e4b441ee5e05191187d497380afa16d36d72eb8ef048de",
                "sha256:561078e425d21a6720c3c3828385d949e24c0765e2852a46ecc3ad3fca2706e5",
                "sha256:5a4f65ab06b32dc34112ed114dee3b698c8463670474334ece5b0b531073804c",
                "sha256:8883e0e34676356d219a4cd37d239c3ead655cc550836236b52068e091416fff",
                "sha256:8d2b45b1faf81098780e07d6a1c207b328b07e913160b8baa7e2e8d89723e06c",
                "sha256:b0ebddb6ecc4c161369f93bb3a74c6120a498d3ddc759b64679709a885dd6d4f",
                "sha256:b786ba4842c50de865dd3885b5570690a743e84a327b7213dd440eb0e6b996f8",
                "sha256:be8efa010f5a80f1862ead80c3b19b5eb97dc954a0f59a1e2487078576105e03",
                "sha256:c29106eaff0e2e708a9a89628dc0134ef145d0d3631f0ef421c09f380c30e354",
                "sha256:c3c71236a056ec961b2b8b3b7c0b3b5a826283bc69c4a1c6415d23b70fea8243",
                "sha256:cbc35031ec2b29af36947d085a7fbbcd8b79b84d563adf6156103d82565f78db",
                "sha256:d47307c22744918e803c1eec7263a14f36aaf34fe496bff9ccbcae67c02b40ae",
                "sha256:db088c98e563c1bb070da5984c8df08b45b61e4d9c6d2a8a1ffeed2af89fd1f3",
                "sha256:df4dd1cb670062abdacc1fbce41cae4e08a4a212d28dd94fdbbf90615d027f73",
                "sha256:e3adcf1499ca08d1e036ff44aedf55ed78653d946f4c4426b6e72ab757cc4dec",
                "sha256:e3b3e32e0cda4dc382ec5bed8599dab644e4b3fc66a9ab54eb58248e207880b9",
                "sha256:ed524195b35304c670755efa1eca579e5c290a66981f97004a5b2c0d12d6897d",
                "sha256:edb42432790b1f8ec9f08faf9326d7e5dfe6e1d8c8fe4db39abc0a49c1c76537",
                "sha256:eff1f995e5aa4cc941b6bbc45b5b57842f8f62bbe1a99427281c2c70cf42312c",
                "sha256:f2fcdc2669662d77b400f80e20315a3661466e3cb3df1730f8083f9e49465cbc",
                "sha256:f52ec9926daf48f41389d39d01570967b99c7dbc12bffc134cc3a3c5b5540ba2",
                "sha256:fd007d67fdfbd2a13bf8a8c8ced8353b42a92ca72dbee54e951d8ddbc6ca12bc",
                "sha256:ff9045e928dbb7943ea8559bfabebee95a43a830e00bf52c16202d2d805780fb"
            ],
            "index": "pypi",
            "version": "==1.23.0"
        },
        "joblib": {
            "hashes": [
                "sha256:4158fcecd13733f8be669be0683b96ebdbbd38d23559f54dca7205aea1bf1e35",
                "sha256:f21f109b3c7ff9d95f8387f752d0d9c34a02aa2f7060c2135f465da0e5160ff6"
            ],
            "markers": "python_version >= '3.6'",
            "version": "==1.1.0"
        },
        "numpy": {
            "hashes": [
                "sha256:1a784e8ff7ea2a32e393cc53eb0003eca1597c7ca628227e34ce34eb11645a0e",
                "sha256:2ba579dde0563f47021dcd652253103d6fd66165b18011dce1a0609215b2791e",
                "sha256:3537b967b350ad17633b35c2f4b1a1bbd258c018910b518c30b48c8e41272717",
                "sha256:3c40e6b860220ed862e8097b8f81c9af6d7405b723f4a7af24a267b46f90e461",
                "sha256:598fe100b2948465cf3ed64b1a326424b5e4be2670552066e17dfaa67246011d",
                "sha256:620732f42259eb2c4642761bd324462a01cdd13dd111740ce3d344992dd8492f",
                "sha256:709884863def34d72b183d074d8ba5cfe042bc3ff8898f1ffad0209161caaa99",
                "sha256:75579acbadbf74e3afd1153da6177f846212ea2a0cc77de53523ae02c9256513",
                "sha256:7c55407f739f0bfcec67d0df49103f9333edc870061358ac8a8c9e37ea02fcd2",
                "sha256:a1f2fb2da242568af0271455b89aee0f71e4e032086ee2b4c5098945d0e11cf6",
                "sha256:a290989cd671cd0605e9c91a70e6df660f73ae87484218e8285c6522d29f6e38",
                "sha256:ac4fd578322842dbda8d968e3962e9f22e862b6ec6e3378e7415625915e2da4d",
                "sha256:ad09f55cc95ed8d80d8ab2052f78cc21cb231764de73e229140d81ff49d8145e",
                "sha256:b9205711e5440954f861ceeea8f1b415d7dd15214add2e878b4d1cf2bcb1a914",
                "sha256:bba474a87496d96e61461f7306fba2ebba127bed7836212c360f144d1e72ac54",
                "sha256:bebab3eaf0641bba26039fb0b2c5bf9b99407924b53b1ea86e03c32c64ef5aef",
                "sha256:cc367c86eb87e5b7c9592935620f22d13b090c609f1b27e49600cd033b529f54",
                "sha256:ccc6c650f8700ce1e3a77668bb7c43e45c20ac06ae00d22bdf6760b38958c883",
                "sha256:cf680682ad0a3bef56dae200dbcbac2d57294a73e5b0f9864955e7dd7c2c2491",
                "sha256:d2910d0a075caed95de1a605df00ee03b599de5419d0b95d55342e9a33ad1fb3",
                "sha256:d5caa946a9f55511e76446e170bdad1d12d6b54e17a2afe7b189112ed4412bb8",
                "sha256:d89b0dc7f005090e32bb4f9bf796e1dcca6b52243caf1803fdd2b748d8561f63",
                "sha256:d95d16204cd51ff1a1c8d5f9958ce90ae190be81d348b514f9be39f878b8044a",
                "sha256:e4d5a86a5257843a18fb1220c5f1c199532bc5d24e849ed4b0289fb59fbd4d8f",
                "sha256:e58ddb53a7b4959932f5582ac455ff90dcb05fac3f8dcc8079498d43afbbde6c",
                "sha256:e80fe25cba41c124d04c662f33f6364909b985f2eb5998aaa5ae4b9587242cce",
                "sha256:eda2829af498946c59d8585a9fd74da3f810866e05f8df03a86f70079c7531dd",
                "sha256:fd0a359c1c17f00cb37de2969984a74320970e0ceef4808c32e00773b06649d9"
            ],
            "index": "pypi",
            "version": "==1.21.0"
        },
        "protobuf": {
            "hashes": [
                "sha256:06059eb6953ff01e56a25cd02cca1a9649a75a7e65397b5b9b4e929ed71d10cf",
                "sha256:097c5d8a9808302fb0da7e20edf0b8d4703274d140fd25c5edabddcde43e081f",
                "sha256:284f86a6207c897542d7e956eb243a36bb8f9564c1742b253462386e96c6b78f",
                "sha256:32ca378605b41fd180dfe4e14d3226386d8d1b002ab31c969c366549e66a2bb7",
                "sha256:3cc797c9d15d7689ed507b165cd05913acb992d78b379f6014e013f9ecb20996",
                "sha256:62f1b5c4cd6c5402b4e2d63804ba49a327e0c386c99b1675c8a0fefda23b2067",
                "sha256:69ccfdf3657ba59569c64295b7d51325f91af586f8d5793b734260dfe2e94e2c",
                "sha256:6f50601512a3d23625d8a85b1638d914a0970f17920ff39cec63aaef80a93fb7",
                "sha256:7403941f6d0992d40161aa8bb23e12575637008a5a02283a930addc0508982f9",
                "sha256:755f3aee41354ae395e104d62119cb223339a8f3276a0cd009ffabfcdd46bb0c",
                "sha256:77053d28427a29987ca9caf7b72ccafee011257561259faba8dd308fda9a8739",
                "sha256:7e371f10abe57cee5021797126c93479f59fccc9693dafd6bd5633ab67808a91",
                "sha256:9016d01c91e8e625141d24ec1b20fed584703e527d28512aa8c8707f105a683c",
                "sha256:9be73ad47579abc26c12024239d3540e6b765182a91dbc88e23658ab71767153",
                "sha256:adc31566d027f45efe3f44eeb5b1f329da43891634d61c75a5944e9be6dd42c9",
                "sha256:adfc6cf69c7f8c50fd24c793964eef18f0ac321315439d94945820612849c388",
                "sha256:af0ebadc74e281a517141daad9d0f2c5d93ab78e9d455113719a45a49da9db4e",
                "sha256:cb29edb9eab15742d791e1025dd7b6a8f6fcb53802ad2f6e3adcb102051063ab",
                "sha256:cd68be2559e2a3b84f517fb029ee611546f7812b1fdd0aa2ecc9bc6ec0e4fdde",
                "sha256:cdee09140e1cd184ba9324ec1df410e7147242b94b5f8b0c64fc89e38a8ba531",
                "sha256:db977c4ca738dd9ce508557d4fce0f5aebd105e158c725beec86feb1f6bc20d8",
                "sha256:dd5789b2948ca702c17027c84c2accb552fc30f4622a98ab5c51fcfe8c50d3e7",
                "sha256:e250a42f15bf9d5b09fe1b293bdba2801cd520a9f5ea2d7fb7536d4441811d20",
                "sha256:ff8d8fa42675249bb456f5db06c00de6c2f4c27a065955917b28c4f15978b9c3"
            ],
            "markers": "python_version >= '3.7'",
            "version": "==3.20.1"
        },
        "scikit-learn": {
            "hashes": [
                "sha256:1ac81293d261747c25ea5a0ee8cd2bb1f3b5ba9ec05421a7f9f0feb4eb7c4116",
                "sha256:289361cf003d90b007f5066b27fcddc2d71324c82f1c88e316fedacb0dfdd516",
                "sha256:3a14d0abd4281fc3fd2149c486c3ec7cedad848b8d5f7b6f61522029d65a29f8",
                "sha256:5083a5e50d9d54548e4ada829598ae63a05651dd2bb319f821ffd9e8388384a6",
                "sha256:777cdd5c077b7ca9cb381396c81990cf41d2fa8350760d3cad3b4c460a7db644",
                "sha256:8bf2ff63da820d09b96b18e88f9625228457bff8df4618f6b087e12442ef9e15",
                "sha256:8d319b71c449627d178f21c57614e21747e54bb3fc9602b6f42906c3931aa320",
                "sha256:928050b65781fea9542dfe9bfe02d8c4f5530baa8472ec60782ea77347d2c836",
                "sha256:92c903613ff50e22aa95d589f9fff5deb6f34e79f7f21f609680087f137bb524",
                "sha256:ae322235def5ce8fae645b439e332e6f25d34bb90d6a6c8e261f17eb476457b7",
                "sha256:c1cd6b29eb1fd1cc672ac5e4a8be5f6ea936d094a3dc659ada0746d6fac750b1",
                "sha256:c41a6e2685d06bcdb0d26533af2540f54884d40db7e48baed6a5bcbf1a7cc642",
                "sha256:d07fcb0c0acbc043faa0e7cf4d2037f71193de3fb04fb8ed5c259b089af1cf5c",
                "sha256:d146d5443cda0a41f74276e42faf8c7f283fef49e8a853b832885239ef544e05",
                "sha256:eb2b7bed0a26ba5ce3700e15938b28a4f4513578d3e54a2156c29df19ac5fd01",
                "sha256:eb9b8ebf59eddd8b96366428238ab27d05a19e89c5516ce294abc35cea75d003"
            ],
            "index": "pypi",
            "version": "==0.21.3"
        },
        "scipy": {
            "hashes": [
                "sha256:033ce76ed4e9f62923e1f8124f7e2b0800db533828c853b402c7eec6e9465d80",
                "sha256:173308efba2270dcd61cd45a30dfded6ec0085b4b6eb33b5eb11ab443005e088",
                "sha256:21b66200cf44b1c3e86495e3a436fc7a26608f92b8d43d344457c54f1c024cbc",
                "sha256:2c56b820d304dffcadbbb6cbfbc2e2c79ee46ea291db17e288e73cd3c64fefa9",
                "sha256:304dfaa7146cffdb75fbf6bb7c190fd7688795389ad060b970269c8576d038e9",
                "sha256:3f78181a153fa21c018d346f595edd648344751d7f03ab94b398be2ad083ed3e",
                "sha256:4d242d13206ca4302d83d8a6388c9dfce49fc48fdd3c20efad89ba12f785bf9e",
                "sha256:5d1cc2c19afe3b5a546ede7e6a44ce1ff52e443d12b231823268019f608b9b12",
                "sha256:5f2cfc359379c56b3a41b17ebd024109b2049f878badc1e454f31418c3a18436",
                "sha256:65bd52bf55f9a1071398557394203d881384d27b9c2cad7df9a027170aeaef93",
                "sha256:7edd9a311299a61e9919ea4192dd477395b50c014cdc1a1ac572d7c27e2207fa",
                "sha256:8499d9dd1459dc0d0fe68db0832c3d5fc1361ae8e13d05e6849b358dc3f2c279",
                "sha256:866ada14a95b083dd727a845a764cf95dd13ba3dc69a16b99038001b05439709",
                "sha256:87069cf875f0262a6e3187ab0f419f5b4280d3dcf4811ef9613c605f6e4dca95",
                "sha256:93378f3d14fff07572392ce6a6a2ceb3a1f237733bd6dcb9eb6a2b29b0d19085",
                "sha256:95c2d250074cfa76715d58830579c64dff7354484b284c2b8b87e5a38321672c",
                "sha256:ab5875facfdef77e0a47d5fd39ea178b58e60e454a4c85aa1e52fcb80db7babf",
                "sha256:b0e0aeb061a1d7dcd2ed59ea57ee56c9b23dd60100825f98238c06ee5cc4467e",
                "sha256:b78a35c5c74d336f42f44106174b9851c783184a85a3fe3e68857259b37b9ffb",
                "sha256:c9e04d7e9b03a8a6ac2045f7c5ef741be86727d8f49c45db45f244bdd2bcff17",
                "sha256:ca36e7d9430f7481fc7d11e015ae16fbd5575615a8e9060538104778be84addf",
                "sha256:ceebc3c4f6a109777c0053dfa0282fddb8893eddfb0d598574acfb734a926168",
                "sha256:e2c036492e673aad1b7b0d0ccdc0cb30a968353d2c4bf92ac8e73509e1bf212c",
                "sha256:eb326658f9b73c07081300daba90a8746543b5ea177184daed26528273157294",
                "sha256:eb7ae2c4dbdb3c9247e07acc532f91077ae6dbc40ad5bd5dca0bb5a176ee9bda",
                "sha256:edad1cf5b2ce1912c4d8ddad20e11d333165552aba262c882e28c78bbc09dbf6",
                "sha256:eef93a446114ac0193a7b714ce67659db80caf940f3232bad63f4c7a81bc18df",
                "sha256:f7eaea089345a35130bc9a39b89ec1ff69c208efa97b3f8b25ea5d4c41d88094",
                "sha256:f99d206db1f1ae735a8192ab93bd6028f3a42f6fa08467d37a14eb96c9dd34a3"
            ],
            "markers": "python_version < '3.11' and python_version >= '3.7'",
            "version": "==1.7.3"
        },
        "six": {
            "hashes": [
                "sha256:1e61c37477a1626458e36f7b1d82aa5c9b094fa4802892072e49de9c60c4c926",
                "sha256:8abb2f1d86890a2dfb989f9a77cfcfd3e47c2a354b01111771326f8aa26e0254"
            ],
            "markers": "python_version >= '2.7' and python_version not in '3.0, 3.1, 3.2, 3.3'",
            "version": "==1.16.0"
        }
    },
    "develop": {}
}
